
Microsoft Visual Studio Solution File, Format Version 12.00
# Visual Studio Version 17
VisualStudioVersion = 17.0.32014.148
MinimumVisualStudioVersion = 10.0.40219.1
Project("{FAE04EC0-301F-11D3-BF4B-00C04F79EFBC}") = "e3.文件合并", "e3.文件合并\e3.文件合并.csproj", "{35036E9C-AE81-42E9-9E80-218763DF74C3}"
EndProject
Global
	GlobalSection(SolutionConfigurationPlatforms) = preSolution
		Debug|Any CPU = Debug|Any CPU
		Release|Any CPU = Release|Any CPU
	EndGlobalSection
	GlobalSection(ProjectConfigurationPlatforms) = postSolution
		{35036E9C-AE81-42E9-9E80-218763DF74C3}.Debug|Any CPU.ActiveCfg = Debug|Any CPU
		{35036E9C-AE81-42E9-9E80-218763DF74C3}.Debug|Any CPU.Build.0 = Debug|Any CPU
		{35036E9C-AE81-42E9-9E80-218763DF74C3}.Release|Any CPU.ActiveCfg = Release|Any CPU
		{35036E9C-AE81-42E9-9E80-218763DF74C3}.Release|Any CPU.Build.0 = Release|Any CPU
	EndGlobalSection
	GlobalSection(SolutionProperties) = preSolution
		HideSolutionNode = FALSE
	EndGlobalSection
	GlobalSection(ExtensibilityGlobals) = postSolution
		SolutionGuid = {21F77ADF-FA07-4A82-8CF6-30624C727DA1}
	EndGlobalSection
EndGlobal
